
Microsoft Visual Studio Solution File, Format Version 12.00
# Visual Studio 15
VisualStudioVersion = 15.0.27004.2009
MinimumVisualStudioVersion = 10.0.40219.1
Project("{FAE04EC0-301F-11D3-BF4B-00C04F79EFBC}") = "FunRock-Task1", "FunRock-Task1\FunRock-Task1.csproj", "{9FD28A09-1066-4AE6-AE00-29DA12D3972B}"
EndProject
Global
	GlobalSection(SolutionConfigurationPlatforms) = preSolution
		Debug|Any CPU = Debug|Any CPU
		Release|Any CPU = Release|Any CPU
	EndGlobalSection
	GlobalSection(ProjectConfigurationPlatforms) = postSolution
		{9FD28A09-1066-4AE6-AE00-29DA12D3972B}.Debug|Any CPU.ActiveCfg = Debug|Any CPU
		{9FD28A09-1066-4AE6-AE00-29DA12D3972B}.Debug|Any CPU.Build.0 = Debug|Any CPU
		{9FD28A09-1066-4AE6-AE00-29DA12D3972B}.Release|Any CPU.ActiveCfg = Release|Any CPU
		{9FD28A09-1066-4AE6-AE00-29DA12D3972B}.Release|Any CPU.Build.0 = Release|Any CPU
	EndGlobalSection
	GlobalSection(SolutionProperties) = preSolution
		HideSolutionNode = FALSE
	EndGlobalSection
	GlobalSection(ExtensibilityGlobals) = postSolution
		SolutionGuid = {2BA86AD1-5A09-4258-AB8D-30B92618B1C7}
	EndGlobalSection
EndGlobal
